
Microsoft Visual Studio Solution File, Format Version 12.00
# Visual Studio Version 17
VisualStudioVersion = 17.6.33815.320
MinimumVisualStudioVersion = 10.0.40219.1
Project("{FAE04EC0-301F-11D3-BF4B-00C04F79EFBC}") = "CabInvoiceGeneratorApp", "CabInvoiceGeneratorApp.csproj", "{7BD0FEAC-7DE1-4AC1-B498-F7DC0CBB3365}"
EndProject
Global
	GlobalSection(SolutionConfigurationPlatforms) = preSolution
		Debug|Any CPU = Debug|Any CPU
		Release|Any CPU = Release|Any CPU
	EndGlobalSection
	GlobalSection(ProjectConfigurationPlatforms) = postSolution
		{7BD0FEAC-7DE1-4AC1-B498-F7DC0CBB3365}.Debug|Any CPU.ActiveCfg = Debug|Any CPU
		{7BD0FEAC-7DE1-4AC1-B498-F7DC0CBB3365}.Debug|Any CPU.Build.0 = Debug|Any CPU
		{7BD0FEAC-7DE1-4AC1-B498-F7DC0CBB3365}.Release|Any CPU.ActiveCfg = Release|Any CPU
		{7BD0FEAC-7DE1-4AC1-B498-F7DC0CBB3365}.Release|Any CPU.Build.0 = Release|Any CPU
	EndGlobalSection
	GlobalSection(SolutionProperties) = preSolution
		HideSolutionNode = FALSE
	EndGlobalSection
	GlobalSection(ExtensibilityGlobals) = postSolution
		SolutionGuid = {DB4821BF-04BD-4B61-97A6-7F4251D0830F}
	EndGlobalSection
EndGlobal
